
Microsoft Visual Studio Solution File, Format Version 12.00
# Visual Studio Version 17
VisualStudioVersion = 17.12.35527.113
MinimumVisualStudioVersion = 10.0.40219.1
Project("{FAE04EC0-301F-11D3-BF4B-00C04F79EFBC}") = "CarRental.Desktop", "CarRental.Desktop\CarRental.Desktop.csproj", "{004E2CDD-5ED3-4BB4-8611-1BBC66243E71}"
EndProject
Project("{FAE04EC0-301F-11D3-BF4B-00C04F79EFBC}") = "CarRental.BL", "CarRental.BL\CarRental.BL.csproj", "{7B3776E7-3DC5-4CCC-B752-E1A8521FBC7B}"
EndProject
Global
	GlobalSection(SolutionConfigurationPlatforms) = preSolution
		Debug|Any CPU = Debug|Any CPU
		Release|Any CPU = Release|Any CPU
	EndGlobalSection
	GlobalSection(ProjectConfigurationPlatforms) = postSolution
		{004E2CDD-5ED3-4BB4-8611-1BBC66243E71}.Debug|Any CPU.ActiveCfg = Debug|Any CPU
		{004E2CDD-5ED3-4BB4-8611-1BBC66243E71}.Debug|Any CPU.Build.0 = Debug|Any CPU
		{004E2CDD-5ED3-4BB4-8611-1BBC66243E71}.Release|Any CPU.ActiveCfg = Release|Any CPU
		{004E2CDD-5ED3-4BB4-8611-1BBC66243E71}.Release|Any CPU.Build.0 = Release|Any CPU
		{7B3776E7-3DC5-4CCC-B752-E1A8521FBC7B}.Debug|Any CPU.ActiveCfg = Debug|Any CPU
		{7B3776E7-3DC5-4CCC-B752-E1A8521FBC7B}.Debug|Any CPU.Build.0 = Debug|Any CPU
		{7B3776E7-3DC5-4CCC-B752-E1A8521FBC7B}.Release|Any CPU.ActiveCfg = Release|Any CPU
		{7B3776E7-3DC5-4CCC-B752-E1A8521FBC7B}.Release|Any CPU.Build.0 = Release|Any CPU
	EndGlobalSection
	GlobalSection(SolutionProperties) = preSolution
		HideSolutionNode = FALSE
	EndGlobalSection
EndGlobal
